<?xml version="1.0" encoding="utf-8"?>
<Project ToolsVersion="4.0" xmlns="http://schemas.microsoft.com/developer/msbuild/2003">
  <ItemGroup>
    <Filter Include="Resources">
      <UniqueIdentifier>{e0328041-b8dd-4cef-ba85-273b31debd92}</UniqueIdentifier>
    </Filter>
    <Filter Include="RakNet">
      <UniqueIdentifier>{8f8716ba-b3a0-46b5-bcad-ec7b5cb0abec}</UniqueIdentifier>
    </Filter>
  </ItemGroup>
  <ItemGroup>
    <ResourceCompile Include="Resources\Game.rc">
      <Filter>Resources</Filter>
    </ResourceCompile>
  </ItemGroup>
  <ItemGroup>
    <Image Include="Resources\big.ico">
      <Filter>Resources</Filter>
    </Image>
    <Image Include="Resources\small.ico">
      <Filter>Resources</Filter>
    </Image>
  </ItemGroup>
  <ItemGroup>
    <ClInclude Include="Resources\Resource.h">
      <Filter>Resources</Filter>
    </ClInclude>
    <ClInclude Include="Resources\targetver.h">
      <Filter>Resources</Filter>
    </ClInclude>
    <ClInclude Include="WindowsProgram.h" />
    <ClInclude Include="..\..\..\Raknet\Source\_FindFirst.h">
      <Filter>RakNet</Filter>
    </ClInclude>
    <ClInclude Include="..\..\..\Raknet\Source\AutopatcherPatchContext.h">
      <Filter>RakNet</Filter>
    </ClInclude>
    <ClInclude Include="..\..\..\Raknet\Source\AutopatcherRepositoryInterface.h">
      <Filter>RakNet</Filter>
    </ClInclude>
    <ClInclude Include="..\..\..\Raknet\Source\Base64Encoder.h">
      <Filter>RakNet</Filter>
    </ClInclude>
    <ClInclude Include="..\..\..\Raknet\Source\BitStream.h">
      <Filter>RakNet</Filter>
    </ClInclude>
    <ClInclude Include="..\..\..\Raknet\Source\CCRakNetSlidingWindow.h">
      <Filter>RakNet</Filter>
    </ClInclude>
    <ClInclude Include="..\..\..\Raknet\Source\CCRakNetUDT.h">
      <Filter>RakNet</Filter>
    </ClInclude>
    <ClInclude Include="..\..\..\Raknet\Source\CheckSum.h">
      <Filter>RakNet</Filter>
    </ClInclude>
    <ClInclude Include="..\..\..\Raknet\Source\CloudClient.h">
      <Filter>RakNet</Filter>
    </ClInclude>
    <ClInclude Include="..\..\..\Raknet\Source\CloudCommon.h">
      <Filter>RakNet</Filter>
    </ClInclude>
    <ClInclude Include="..\..\..\Raknet\Source\CloudServer.h">
      <Filter>RakNet</Filter>
    </ClInclude>
    <ClInclude Include="..\..\..\Raknet\Source\CommandParserInterface.h">
      <Filter>RakNet</Filter>
    </ClInclude>
    <ClInclude Include="..\..\..\Raknet\Source\ConnectionGraph2.h">
      <Filter>RakNet</Filter>
    </ClInclude>
    <ClInclude Include="..\..\..\Raknet\Source\ConsoleServer.h">
      <Filter>RakNet</Filter>
    </ClInclude>
    <ClInclude Include="..\..\..\Raknet\Source\DataCompressor.h">
      <Filter>RakNet</Filter>
    </ClInclude>
    <ClInclude Include="..\..\..\Raknet\Source\DirectoryDeltaTransfer.h">
      <Filter>RakNet</Filter>
    </ClInclude>
    <ClInclude Include="..\..\..\Raknet\Source\DR_SHA1.h">
      <Filter>RakNet</Filter>
    </ClInclude>
    <ClInclude Include="..\..\..\Raknet\Source\DS_BinarySearchTree.h">
      <Filter>RakNet</Filter>
    </ClInclude>
    <ClInclude Include="..\..\..\Raknet\Source\DS_BPlusTree.h">
      <Filter>RakNet</Filter>
    </ClInclude>
    <ClInclude Include="..\..\..\Raknet\Source\DS_BytePool.h">
      <Filter>RakNet</Filter>
    </ClInclude>
    <ClInclude Include="..\..\..\Raknet\Source\DS_ByteQueue.h">
      <Filter>RakNet</Filter>
    </ClInclude>
    <ClInclude Include="..\..\..\Raknet\Source\DS_Hash.h">
      <Filter>RakNet</Filter>
    </ClInclude>
    <ClInclude Include="..\..\..\Raknet\Source\DS_Heap.h">
      <Filter>RakNet</Filter>
    </ClInclude>
    <ClInclude Include="..\..\..\Raknet\Source\DS_HuffmanEncodingTree.h">
      <Filter>RakNet</Filter>
    </ClInclude>
    <ClInclude Include="..\..\..\Raknet\Source\DS_HuffmanEncodingTreeFactory.h">
      <Filter>RakNet</Filter>
    </ClInclude>
    <ClInclude Include="..\..\..\Raknet\Source\DS_HuffmanEncodingTreeNode.h">
      <Filter>RakNet</Filter>
    </ClInclude>
    <ClInclude Include="..\..\..\Raknet\Source\DS_LinkedList.h">
      <Filter>RakNet</Filter>
    </ClInclude>
    <ClInclude Include="..\..\..\Raknet\Source\DS_List.h">
      <Filter>RakNet</Filter>
    </ClInclude>
    <ClInclude Include="..\..\..\Raknet\Source\DS_Map.h">
      <Filter>RakNet</Filter>
    </ClInclude>
    <ClInclude Include="..\..\..\Raknet\Source\DS_MemoryPool.h">
      <Filter>RakNet</Filter>
    </ClInclude>
    <ClInclude Include="..\..\..\Raknet\Source\DS_Multilist.h">
      <Filter>RakNet</Filter>
    </ClInclude>
    <ClInclude Include="..\..\..\Raknet\Source\DS_OrderedChannelHeap.h">
      <Filter>RakNet</Filter>
    </ClInclude>
    <ClInclude Include="..\..\..\Raknet\Source\DS_OrderedList.h">
      <Filter>RakNet</Filter>
    </ClInclude>
    <ClInclude Include="..\..\..\Raknet\Source\DS_Queue.h">
      <Filter>RakNet</Filter>
    </ClInclude>
    <ClInclude Include="..\..\..\Raknet\Source\DS_QueueLinkedList.h">
      <Filter>RakNet</Filter>
    </ClInclude>
    <ClInclude Include="..\..\..\Raknet\Source\DS_RangeList.h">
      <Filter>RakNet</Filter>
    </ClInclude>
    <ClInclude Include="..\..\..\Raknet\Source\DS_Table.h">
      <Filter>RakNet</Filter>
    </ClInclude>
    <ClInclude Include="..\..\..\Raknet\Source\DS_ThreadsafeAllocatingQueue.h">
      <Filter>RakNet</Filter>
    </ClInclude>
    <ClInclude Include="..\..\..\Raknet\Source\DS_Tree.h">
      <Filter>RakNet</Filter>
    </ClInclude>
    <ClInclude Include="..\..\..\Raknet\Source\DS_WeightedGraph.h">
      <Filter>RakNet</Filter>
    </ClInclude>
    <ClInclude Include="..\..\..\Raknet\Source\DynDNS.h">
      <Filter>RakNet</Filter>
    </ClInclude>
    <ClInclude Include="..\..\..\Raknet\Source\EmailSender.h">
      <Filter>RakNet</Filter>
    </ClInclude>
    <ClInclude Include="..\..\..\Raknet\Source\EmptyHeader.h">
      <Filter>RakNet</Filter>
    </ClInclude>
    <ClInclude Include="..\..\..\Raknet\Source\EpochTimeToString.h">
      <Filter>RakNet</Filter>
    </ClInclude>
    <ClInclude Include="..\..\..\Raknet\Source\Export.h">
      <Filter>RakNet</Filter>
    </ClInclude>
    <ClInclude Include="..\..\..\Raknet\Source\FileList.h">
      <Filter>RakNet</Filter>
    </ClInclude>
    <ClInclude Include="..\..\..\Raknet\Source\FileListNodeContext.h">
      <Filter>RakNet</Filter>
    </ClInclude>
    <ClInclude Include="..\..\..\Raknet\Source\FileListTransfer.h">
      <Filter>RakNet</Filter>
    </ClInclude>
    <ClInclude Include="..\..\..\Raknet\Source\FileListTransferCBInterface.h">
      <Filter>RakNet</Filter>
    </ClInclude>
    <ClInclude Include="..\..\..\Raknet\Source\FileOperations.h">
      <Filter>RakNet</Filter>
    </ClInclude>
    <ClInclude Include="..\..\..\Raknet\Source\FormatString.h">
      <Filter>RakNet</Filter>
    </ClInclude>
    <ClInclude Include="..\..\..\Raknet\Source\FullyConnectedMesh2.h">
      <Filter>RakNet</Filter>
    </ClInclude>
    <ClInclude Include="..\..\..\Raknet\Source\Getche.h">
      <Filter>RakNet</Filter>
    </ClInclude>
    <ClInclude Include="..\..\..\Raknet\Source\Gets.h">
      <Filter>RakNet</Filter>
    </ClInclude>
    <ClInclude Include="..\..\..\Raknet\Source\GetTime.h">
      <Filter>RakNet</Filter>
    </ClInclude>
    <ClInclude Include="..\..\..\Raknet\Source\gettimeofday.h">
      <Filter>RakNet</Filter>
    </ClInclude>
    <ClInclude Include="..\..\..\Raknet\Source\GridSectorizer.h">
      <Filter>RakNet</Filter>
    </ClInclude>
    <ClInclude Include="..\..\..\Raknet\Source\HTTPConnection.h">
      <Filter>RakNet</Filter>
    </ClInclude>
    <ClInclude Include="..\..\..\Raknet\Source\HTTPConnection2.h">
      <Filter>RakNet</Filter>
    </ClInclude>
    <ClInclude Include="..\..\..\Raknet\Source\IncrementalReadInterface.h">
      <Filter>RakNet</Filter>
    </ClInclude>
    <ClInclude Include="..\..\..\Raknet\Source\InternalPacket.h">
      <Filter>RakNet</Filter>
    </ClInclude>
    <ClInclude Include="..\..\..\Raknet\Source\Itoa.h">
      <Filter>RakNet</Filter>
    </ClInclude>
    <ClInclude Include="..\..\..\Raknet\Source\Kbhit.h">
      <Filter>RakNet</Filter>
    </ClInclude>
    <ClInclude Include="..\..\..\Raknet\Source\LinuxStrings.h">
      <Filter>RakNet</Filter>
    </ClInclude>
    <ClInclude Include="..\..\..\Raknet\Source\LocklessTypes.h">
      <Filter>RakNet</Filter>
    </ClInclude>
    <ClInclude Include="..\..\..\Raknet\Source\LogCommandParser.h">
      <Filter>RakNet</Filter>
    </ClInclude>
    <ClInclude Include="..\..\..\Raknet\Source\MessageFilter.h">
      <Filter>RakNet</Filter>
    </ClInclude>
    <ClInclude Include="..\..\..\Raknet\Source\MessageIdentifiers.h">
      <Filter>RakNet</Filter>
    </ClInclude>
    <ClInclude Include="..\..\..\Raknet\Source\MTUSize.h">
      <Filter>RakNet</Filter>
    </ClInclude>
    <ClInclude Include="..\..\..\Raknet\Source\NativeFeatureIncludes.h">
      <Filter>RakNet</Filter>
    </ClInclude>
    <ClInclude Include="..\..\..\Raknet\Source\NativeFeatureIncludesOverrides.h">
      <Filter>RakNet</Filter>
    </ClInclude>
    <ClInclude Include="..\..\..\Raknet\Source\NativeTypes.h">
      <Filter>RakNet</Filter>
    </ClInclude>
    <ClInclude Include="..\..\..\Raknet\Source\NatPunchthroughClient.h">
      <Filter>RakNet</Filter>
    </ClInclude>
    <ClInclude Include="..\..\..\Raknet\Source\NatPunchthroughServer.h">
      <Filter>RakNet</Filter>
    </ClInclude>
    <ClInclude Include="..\..\..\Raknet\Source\NatTypeDetectionClient.h">
      <Filter>RakNet</Filter>
    </ClInclude>
    <ClInclude Include="..\..\..\Raknet\Source\NatTypeDetectionCommon.h">
      <Filter>RakNet</Filter>
    </ClInclude>
    <ClInclude Include="..\..\..\Raknet\Source\NatTypeDetectionServer.h">
      <Filter>RakNet</Filter>
    </ClInclude>
    <ClInclude Include="..\..\..\Raknet\Source\NetworkIDManager.h">
      <Filter>RakNet</Filter>
    </ClInclude>
    <ClInclude Include="..\..\..\Raknet\Source\NetworkIDObject.h">
      <Filter>RakNet</Filter>
    </ClInclude>
    <ClInclude Include="..\..\..\Raknet\Source\PacketConsoleLogger.h">
      <Filter>RakNet</Filter>
    </ClInclude>
    <ClInclude Include="..\..\..\Raknet\Source\PacketFileLogger.h">
      <Filter>RakNet</Filter>
    </ClInclude>
    <ClInclude Include="..\..\..\Raknet\Source\PacketizedTCP.h">
      <Filter>RakNet</Filter>
    </ClInclude>
    <ClInclude Include="..\..\..\Raknet\Source\PacketLogger.h">
      <Filter>RakNet</Filter>
    </ClInclude>
    <ClInclude Include="..\..\..\Raknet\Source\PacketOutputWindowLogger.h">
      <Filter>RakNet</Filter>
    </ClInclude>
    <ClInclude Include="..\..\..\Raknet\Source\PacketPool.h">
      <Filter>RakNet</Filter>
    </ClInclude>
    <ClInclude Include="..\..\..\Raknet\Source\PacketPriority.h">
      <Filter>RakNet</Filter>
    </ClInclude>
    <ClInclude Include="..\..\..\Raknet\Source\PluginInterface2.h">
      <Filter>RakNet</Filter>
    </ClInclude>
    <ClInclude Include="..\..\..\Raknet\Source\PS3Includes.h">
      <Filter>RakNet</Filter>
    </ClInclude>
    <ClInclude Include="..\..\..\Raknet\Source\PS4Includes.h">
      <Filter>RakNet</Filter>
    </ClInclude>
    <ClInclude Include="..\..\..\Raknet\Source\Rackspace.h">
      <Filter>RakNet</Filter>
    </ClInclude>
    <ClInclude Include="..\..\..\Raknet\Source\RakAlloca.h">
      <Filter>RakNet</Filter>
    </ClInclude>
    <ClInclude Include="..\..\..\Raknet\Source\RakAssert.h">
      <Filter>RakNet</Filter>
    </ClInclude>
    <ClInclude Include="..\..\..\Raknet\Source\RakMemoryOverride.h">
      <Filter>RakNet</Filter>
    </ClInclude>
    <ClInclude Include="..\..\..\Raknet\Source\RakNetCommandParser.h">
      <Filter>RakNet</Filter>
    </ClInclude>
    <ClInclude Include="..\..\..\Raknet\Source\RakNetDefines.h">
      <Filter>RakNet</Filter>
    </ClInclude>
    <ClInclude Include="..\..\..\Raknet\Source\RakNetDefinesOverrides.h">
      <Filter>RakNet</Filter>
    </ClInclude>
    <ClInclude Include="..\..\..\Raknet\Source\RakNetSmartPtr.h">
      <Filter>RakNet</Filter>
    </ClInclude>
    <ClInclude Include="..\..\..\Raknet\Source\RakNetSocket.h">
      <Filter>RakNet</Filter>
    </ClInclude>
    <ClInclude Include="..\..\..\Raknet\Source\RakNetSocket2.h">
      <Filter>RakNet</Filter>
    </ClInclude>
    <ClInclude Include="..\..\..\Raknet\Source\RakNetStatistics.h">
      <Filter>RakNet</Filter>
    </ClInclude>
    <ClInclude Include="..\..\..\Raknet\Source\RakNetTime.h">
      <Filter>RakNet</Filter>
    </ClInclude>
    <ClInclude Include="..\..\..\Raknet\Source\RakNetTransport2.h">
      <Filter>RakNet</Filter>
    </ClInclude>
    <ClInclude Include="..\..\..\Raknet\Source\RakNetTypes.h">
      <Filter>RakNet</Filter>
    </ClInclude>
    <ClInclude Include="..\..\..\Raknet\Source\RakNetVersion.h">
      <Filter>RakNet</Filter>
    </ClInclude>
    <ClInclude Include="..\..\..\Raknet\Source\RakPeer.h">
      <Filter>RakNet</Filter>
    </ClInclude>
    <ClInclude Include="..\..\..\Raknet\Source\RakPeerInterface.h">
      <Filter>RakNet</Filter>
    </ClInclude>
    <ClInclude Include="..\..\..\Raknet\Source\RakSleep.h">
      <Filter>RakNet</Filter>
    </ClInclude>
    <ClInclude Include="..\..\..\Raknet\Source\RakString.h">
      <Filter>RakNet</Filter>
    </ClInclude>
    <ClInclude Include="..\..\..\Raknet\Source\RakThread.h">
      <Filter>RakNet</Filter>
    </ClInclude>
    <ClInclude Include="..\..\..\Raknet\Source\RakWString.h">
      <Filter>RakNet</Filter>
    </ClInclude>
    <ClInclude Include="..\..\..\Raknet\Source\Rand.h">
      <Filter>RakNet</Filter>
    </ClInclude>
    <ClInclude Include="..\..\..\Raknet\Source\RandSync.h">
      <Filter>RakNet</Filter>
    </ClInclude>
    <ClInclude Include="..\..\..\Raknet\Source\ReadyEvent.h">
      <Filter>RakNet</Filter>
    </ClInclude>
    <ClInclude Include="..\..\..\Raknet\Source\RefCountedObj.h">
      <Filter>RakNet</Filter>
    </ClInclude>
    <ClInclude Include="..\..\..\Raknet\Source\RelayPlugin.h">
      <Filter>RakNet</Filter>
    </ClInclude>
    <ClInclude Include="..\..\..\Raknet\Source\ReliabilityLayer.h">
      <Filter>RakNet</Filter>
    </ClInclude>
    <ClInclude Include="..\..\..\Raknet\Source\ReplicaEnums.h">
      <Filter>RakNet</Filter>
    </ClInclude>
    <ClInclude Include="..\..\..\Raknet\Source\ReplicaManager3.h">
      <Filter>RakNet</Filter>
    </ClInclude>
    <ClInclude Include="..\..\..\Raknet\Source\Router2.h">
      <Filter>RakNet</Filter>
    </ClInclude>
    <ClInclude Include="..\..\..\Raknet\Source\RPC4Plugin.h">
      <Filter>RakNet</Filter>
    </ClInclude>
    <ClInclude Include="..\..\..\Raknet\Source\SecureHandshake.h">
      <Filter>RakNet</Filter>
    </ClInclude>
    <ClInclude Include="..\..\..\Raknet\Source\SendToThread.h">
      <Filter>RakNet</Filter>
    </ClInclude>
    <ClInclude Include="..\..\..\Raknet\Source\SignaledEvent.h">
      <Filter>RakNet</Filter>
    </ClInclude>
    <ClInclude Include="..\..\..\Raknet\Source\SimpleMutex.h">
      <Filter>RakNet</Filter>
    </ClInclude>
    <ClInclude Include="..\..\..\Raknet\Source\SimpleTCPServer.h">
      <Filter>RakNet</Filter>
    </ClInclude>
    <ClInclude Include="..\..\..\Raknet\Source\SingleProducerConsumer.h">
      <Filter>RakNet</Filter>
    </ClInclude>
    <ClInclude Include="..\..\..\Raknet\Source\SocketDefines.h">
      <Filter>RakNet</Filter>
    </ClInclude>
    <ClInclude Include="..\..\..\Raknet\Source\SocketIncludes.h">
      <Filter>RakNet</Filter>
    </ClInclude>
    <ClInclude Include="..\..\..\Raknet\Source\SocketLayer.h">
      <Filter>RakNet</Filter>
    </ClInclude>
    <ClInclude Include="..\..\..\Raknet\Source\StatisticsHistory.h">
      <Filter>RakNet</Filter>
    </ClInclude>
    <ClInclude Include="..\..\..\Raknet\Source\StringCompressor.h">
      <Filter>RakNet</Filter>
    </ClInclude>
    <ClInclude Include="..\..\..\Raknet\Source\StringTable.h">
      <Filter>RakNet</Filter>
    </ClInclude>
    <ClInclude Include="..\..\..\Raknet\Source\SuperFastHash.h">
      <Filter>RakNet</Filter>
    </ClInclude>
    <ClInclude Include="..\..\..\Raknet\Source\TableSerializer.h">
      <Filter>RakNet</Filter>
    </ClInclude>
    <ClInclude Include="..\..\..\Raknet\Source\TCPInterface.h">
      <Filter>RakNet</Filter>
    </ClInclude>
    <ClInclude Include="..\..\..\Raknet\Source\TeamBalancer.h">
      <Filter>RakNet</Filter>
    </ClInclude>
    <ClInclude Include="..\..\..\Raknet\Source\TeamManager.h">
      <Filter>RakNet</Filter>
    </ClInclude>
    <ClInclude Include="..\..\..\Raknet\Source\TelnetTransport.h">
      <Filter>RakNet</Filter>
    </ClInclude>
    <ClInclude Include="..\..\..\Raknet\Source\ThreadPool.h">
      <Filter>RakNet</Filter>
    </ClInclude>
    <ClInclude Include="..\..\..\Raknet\Source\ThreadsafePacketLogger.h">
      <Filter>RakNet</Filter>
    </ClInclude>
    <ClInclude Include="..\..\..\Raknet\Source\TransportInterface.h">
      <Filter>RakNet</Filter>
    </ClInclude>
    <ClInclude Include="..\..\..\Raknet\Source\TwoWayAuthentication.h">
      <Filter>RakNet</Filter>
    </ClInclude>
    <ClInclude Include="..\..\..\Raknet\Source\UDPForwarder.h">
      <Filter>RakNet</Filter>
    </ClInclude>
    <ClInclude Include="..\..\..\Raknet\Source\UDPProxyClient.h">
      <Filter>RakNet</Filter>
    </ClInclude>
    <ClInclude Include="..\..\..\Raknet\Source\UDPProxyCommon.h">
      <Filter>RakNet</Filter>
    </ClInclude>
    <ClInclude Include="..\..\..\Raknet\Source\UDPProxyCoordinator.h">
      <Filter>RakNet</Filter>
    </ClInclude>
    <ClInclude Include="..\..\..\Raknet\Source\UDPProxyServer.h">
      <Filter>RakNet</Filter>
    </ClInclude>
    <ClInclude Include="..\..\..\Raknet\Source\VariableDeltaSerializer.h">
      <Filter>RakNet</Filter>
    </ClInclude>
    <ClInclude Include="..\..\..\Raknet\Source\VariableListDeltaTracker.h">
      <Filter>RakNet</Filter>
    </ClInclude>
    <ClInclude Include="..\..\..\Raknet\Source\VariadicSQLParser.h">
      <Filter>RakNet</Filter>
    </ClInclude>
    <ClInclude Include="..\..\..\Raknet\Source\VitaIncludes.h">
      <Filter>RakNet</Filter>
    </ClInclude>
    <ClInclude Include="..\..\..\Raknet\Source\WindowsIncludes.h">
      <Filter>RakNet</Filter>
    </ClInclude>
    <ClInclude Include="..\..\..\Raknet\Source\WSAStartupSingleton.h">
      <Filter>RakNet</Filter>
    </ClInclude>
    <ClInclude Include="..\..\..\Raknet\Source\XBox360Includes.h">
      <Filter>RakNet</Filter>
    </ClInclude>
  </ItemGroup>
  <ItemGroup>
    <ClCompile Include="EntryPoint.cpp" />
    <ClCompile Include="WindowsProgram.cpp" />
    <ClCompile Include="..\..\..\Raknet\Source\_FindFirst.cpp">
      <Filter>RakNet</Filter>
    </ClCompile>
    <ClCompile Include="..\..\..\Raknet\Source\Base64Encoder.cpp">
      <Filter>RakNet</Filter>
    </ClCompile>
    <ClCompile Include="..\..\..\Raknet\Source\BitStream.cpp">
      <Filter>RakNet</Filter>
    </ClCompile>
    <ClCompile Include="..\..\..\Raknet\Source\CCRakNetSlidingWindow.cpp">
      <Filter>RakNet</Filter>
    </ClCompile>
    <ClCompile Include="..\..\..\Raknet\Source\CCRakNetUDT.cpp">
      <Filter>RakNet</Filter>
    </ClCompile>
    <ClCompile Include="..\..\..\Raknet\Source\CheckSum.cpp">
      <Filter>RakNet</Filter>
    </ClCompile>
    <ClCompile Include="..\..\..\Raknet\Source\CloudClient.cpp">
      <Filter>RakNet</Filter>
    </ClCompile>
    <ClCompile Include="..\..\..\Raknet\Source\CloudCommon.cpp">
      <Filter>RakNet</Filter>
    </ClCompile>
    <ClCompile Include="..\..\..\Raknet\Source\CloudServer.cpp">
      <Filter>RakNet</Filter>
    </ClCompile>
    <ClCompile Include="..\..\..\Raknet\Source\CommandParserInterface.cpp">
      <Filter>RakNet</Filter>
    </ClCompile>
    <ClCompile Include="..\..\..\Raknet\Source\ConnectionGraph2.cpp">
      <Filter>RakNet</Filter>
    </ClCompile>
    <ClCompile Include="..\..\..\Raknet\Source\ConsoleServer.cpp">
      <Filter>RakNet</Filter>
    </ClCompile>
    <ClCompile Include="..\..\..\Raknet\Source\DataCompressor.cpp">
      <Filter>RakNet</Filter>
    </ClCompile>
    <ClCompile Include="..\..\..\Raknet\Source\DirectoryDeltaTransfer.cpp">
      <Filter>RakNet</Filter>
    </ClCompile>
    <ClCompile Include="..\..\..\Raknet\Source\DR_SHA1.cpp">
      <Filter>RakNet</Filter>
    </ClCompile>
    <ClCompile Include="..\..\..\Raknet\Source\DS_BytePool.cpp">
      <Filter>RakNet</Filter>
    </ClCompile>
    <ClCompile Include="..\..\..\Raknet\Source\DS_ByteQueue.cpp">
      <Filter>RakNet</Filter>
    </ClCompile>
    <ClCompile Include="..\..\..\Raknet\Source\DS_HuffmanEncodingTree.cpp">
      <Filter>RakNet</Filter>
    </ClCompile>
    <ClCompile Include="..\..\..\Raknet\Source\DS_Table.cpp">
      <Filter>RakNet</Filter>
    </ClCompile>
    <ClCompile Include="..\..\..\Raknet\Source\DynDNS.cpp">
      <Filter>RakNet</Filter>
    </ClCompile>
    <ClCompile Include="..\..\..\Raknet\Source\EmailSender.cpp">
      <Filter>RakNet</Filter>
    </ClCompile>
    <ClCompile Include="..\..\..\Raknet\Source\EpochTimeToString.cpp">
      <Filter>RakNet</Filter>
    </ClCompile>
    <ClCompile Include="..\..\..\Raknet\Source\FileList.cpp">
      <Filter>RakNet</Filter>
    </ClCompile>
    <ClCompile Include="..\..\..\Raknet\Source\FileListTransfer.cpp">
      <Filter>RakNet</Filter>
    </ClCompile>
    <ClCompile Include="..\..\..\Raknet\Source\FileOperations.cpp">
      <Filter>RakNet</Filter>
    </ClCompile>
    <ClCompile Include="..\..\..\Raknet\Source\FormatString.cpp">
      <Filter>RakNet</Filter>
    </ClCompile>
    <ClCompile Include="..\..\..\Raknet\Source\FullyConnectedMesh2.cpp">
      <Filter>RakNet</Filter>
    </ClCompile>
    <ClCompile Include="..\..\..\Raknet\Source\Getche.cpp">
      <Filter>RakNet</Filter>
    </ClCompile>
    <ClCompile Include="..\..\..\Raknet\Source\Gets.cpp">
      <Filter>RakNet</Filter>
    </ClCompile>
    <ClCompile Include="..\..\..\Raknet\Source\GetTime.cpp">
      <Filter>RakNet</Filter>
    </ClCompile>
    <ClCompile Include="..\..\..\Raknet\Source\gettimeofday.cpp">
      <Filter>RakNet</Filter>
    </ClCompile>
    <ClCompile Include="..\..\..\Raknet\Source\GridSectorizer.cpp">
      <Filter>RakNet</Filter>
    </ClCompile>
    <ClCompile Include="..\..\..\Raknet\Source\HTTPConnection.cpp">
      <Filter>RakNet</Filter>
    </ClCompile>
    <ClCompile Include="..\..\..\Raknet\Source\HTTPConnection2.cpp">
      <Filter>RakNet</Filter>
    </ClCompile>
    <ClCompile Include="..\..\..\Raknet\Source\IncrementalReadInterface.cpp">
      <Filter>RakNet</Filter>
    </ClCompile>
    <ClCompile Include="..\..\..\Raknet\Source\Itoa.cpp">
      <Filter>RakNet</Filter>
    </ClCompile>
    <ClCompile Include="..\..\..\Raknet\Source\LinuxStrings.cpp">
      <Filter>RakNet</Filter>
    </ClCompile>
    <ClCompile Include="..\..\..\Raknet\Source\LocklessTypes.cpp">
      <Filter>RakNet</Filter>
    </ClCompile>
    <ClCompile Include="..\..\..\Raknet\Source\LogCommandParser.cpp">
      <Filter>RakNet</Filter>
    </ClCompile>
    <ClCompile Include="..\..\..\Raknet\Source\MessageFilter.cpp">
      <Filter>RakNet</Filter>
    </ClCompile>
    <ClCompile Include="..\..\..\Raknet\Source\NatPunchthroughClient.cpp">
      <Filter>RakNet</Filter>
    </ClCompile>
    <ClCompile Include="..\..\..\Raknet\Source\NatPunchthroughServer.cpp">
      <Filter>RakNet</Filter>
    </ClCompile>
    <ClCompile Include="..\..\..\Raknet\Source\NatTypeDetectionClient.cpp">
      <Filter>RakNet</Filter>
    </ClCompile>
    <ClCompile Include="..\..\..\Raknet\Source\NatTypeDetectionCommon.cpp">
      <Filter>RakNet</Filter>
    </ClCompile>
    <ClCompile Include="..\..\..\Raknet\Source\NatTypeDetectionServer.cpp">
      <Filter>RakNet</Filter>
    </ClCompile>
    <ClCompile Include="..\..\..\Raknet\Source\NetworkIDManager.cpp">
      <Filter>RakNet</Filter>
    </ClCompile>
    <ClCompile Include="..\..\..\Raknet\Source\NetworkIDObject.cpp">
      <Filter>RakNet</Filter>
    </ClCompile>
    <ClCompile Include="..\..\..\Raknet\Source\PacketConsoleLogger.cpp">
      <Filter>RakNet</Filter>
    </ClCompile>
    <ClCompile Include="..\..\..\Raknet\Source\PacketFileLogger.cpp">
      <Filter>RakNet</Filter>
    </ClCompile>
    <ClCompile Include="..\..\..\Raknet\Source\PacketizedTCP.cpp">
      <Filter>RakNet</Filter>
    </ClCompile>
    <ClCompile Include="..\..\..\Raknet\Source\PacketLogger.cpp">
      <Filter>RakNet</Filter>
    </ClCompile>
    <ClCompile Include="..\..\..\Raknet\Source\PacketOutputWindowLogger.cpp">
      <Filter>RakNet</Filter>
    </ClCompile>
    <ClCompile Include="..\..\..\Raknet\Source\PluginInterface2.cpp">
      <Filter>RakNet</Filter>
    </ClCompile>
    <ClCompile Include="..\..\..\Raknet\Source\PS4Includes.cpp">
      <Filter>RakNet</Filter>
    </ClCompile>
    <ClCompile Include="..\..\..\Raknet\Source\Rackspace.cpp">
      <Filter>RakNet</Filter>
    </ClCompile>
    <ClCompile Include="..\..\..\Raknet\Source\RakMemoryOverride.cpp">
      <Filter>RakNet</Filter>
    </ClCompile>
    <ClCompile Include="..\..\..\Raknet\Source\RakNetCommandParser.cpp">
      <Filter>RakNet</Filter>
    </ClCompile>
    <ClCompile Include="..\..\..\Raknet\Source\RakNetSocket.cpp">
      <Filter>RakNet</Filter>
    </ClCompile>
    <ClCompile Include="..\..\..\Raknet\Source\RakNetSocket2.cpp">
      <Filter>RakNet</Filter>
    </ClCompile>
    <ClCompile Include="..\..\..\Raknet\Source\RakNetSocket2_360_720.cpp">
      <Filter>RakNet</Filter>
    </ClCompile>
    <ClCompile Include="..\..\..\Raknet\Source\RakNetSocket2_Berkley.cpp">
      <Filter>RakNet</Filter>
    </ClCompile>
    <ClCompile Include="..\..\..\Raknet\Source\RakNetSocket2_Berkley_NativeClient.cpp">
      <Filter>RakNet</Filter>
    </ClCompile>
    <ClCompile Include="..\..\..\Raknet\Source\RakNetSocket2_NativeClient.cpp">
      <Filter>RakNet</Filter>
    </ClCompile>
    <ClCompile Include="..\..\..\Raknet\Source\RakNetSocket2_PS3_PS4.cpp">
      <Filter>RakNet</Filter>
    </ClCompile>
    <ClCompile Include="..\..\..\Raknet\Source\RakNetSocket2_PS4.cpp">
      <Filter>RakNet</Filter>
    </ClCompile>
    <ClCompile Include="..\..\..\Raknet\Source\RakNetSocket2_Vita.cpp">
      <Filter>RakNet</Filter>
    </ClCompile>
    <ClCompile Include="..\..\..\Raknet\Source\RakNetSocket2_Windows_Linux.cpp">
      <Filter>RakNet</Filter>
    </ClCompile>
    <ClCompile Include="..\..\..\Raknet\Source\RakNetSocket2_Windows_Linux_360.cpp">
      <Filter>RakNet</Filter>
    </ClCompile>
    <ClCompile Include="..\..\..\Raknet\Source\RakNetSocket2_WindowsStore8.cpp">
      <Filter>RakNet</Filter>
    </ClCompile>
    <ClCompile Include="..\..\..\Raknet\Source\RakNetStatistics.cpp">
      <Filter>RakNet</Filter>
    </ClCompile>
    <ClCompile Include="..\..\..\Raknet\Source\RakNetTransport2.cpp">
      <Filter>RakNet</Filter>
    </ClCompile>
    <ClCompile Include="..\..\..\Raknet\Source\RakNetTypes.cpp">
      <Filter>RakNet</Filter>
    </ClCompile>
    <ClCompile Include="..\..\..\Raknet\Source\RakPeer.cpp">
      <Filter>RakNet</Filter>
    </ClCompile>
    <ClCompile Include="..\..\..\Raknet\Source\RakSleep.cpp">
      <Filter>RakNet</Filter>
    </ClCompile>
    <ClCompile Include="..\..\..\Raknet\Source\RakString.cpp">
      <Filter>RakNet</Filter>
    </ClCompile>
    <ClCompile Include="..\..\..\Raknet\Source\RakThread.cpp">
      <Filter>RakNet</Filter>
    </ClCompile>
    <ClCompile Include="..\..\..\Raknet\Source\RakWString.cpp">
      <Filter>RakNet</Filter>
    </ClCompile>
    <ClCompile Include="..\..\..\Raknet\Source\Rand.cpp">
      <Filter>RakNet</Filter>
    </ClCompile>
    <ClCompile Include="..\..\..\Raknet\Source\RandSync.cpp">
      <Filter>RakNet</Filter>
    </ClCompile>
    <ClCompile Include="..\..\..\Raknet\Source\ReadyEvent.cpp">
      <Filter>RakNet</Filter>
    </ClCompile>
    <ClCompile Include="..\..\..\Raknet\Source\RelayPlugin.cpp">
      <Filter>RakNet</Filter>
    </ClCompile>
    <ClCompile Include="..\..\..\Raknet\Source\ReliabilityLayer.cpp">
      <Filter>RakNet</Filter>
    </ClCompile>
    <ClCompile Include="..\..\..\Raknet\Source\ReplicaManager3.cpp">
      <Filter>RakNet</Filter>
    </ClCompile>
    <ClCompile Include="..\..\..\Raknet\Source\Router2.cpp">
      <Filter>RakNet</Filter>
    </ClCompile>
    <ClCompile Include="..\..\..\Raknet\Source\RPC4Plugin.cpp">
      <Filter>RakNet</Filter>
    </ClCompile>
    <ClCompile Include="..\..\..\Raknet\Source\SecureHandshake.cpp">
      <Filter>RakNet</Filter>
    </ClCompile>
    <ClCompile Include="..\..\..\Raknet\Source\SendToThread.cpp">
      <Filter>RakNet</Filter>
    </ClCompile>
    <ClCompile Include="..\..\..\Raknet\Source\SignaledEvent.cpp">
      <Filter>RakNet</Filter>
    </ClCompile>
    <ClCompile Include="..\..\..\Raknet\Source\SimpleMutex.cpp">
      <Filter>RakNet</Filter>
    </ClCompile>
    <ClCompile Include="..\..\..\Raknet\Source\SocketLayer.cpp">
      <Filter>RakNet</Filter>
    </ClCompile>
    <ClCompile Include="..\..\..\Raknet\Source\StatisticsHistory.cpp">
      <Filter>RakNet</Filter>
    </ClCompile>
    <ClCompile Include="..\..\..\Raknet\Source\StringCompressor.cpp">
      <Filter>RakNet</Filter>
    </ClCompile>
    <ClCompile Include="..\..\..\Raknet\Source\StringTable.cpp">
      <Filter>RakNet</Filter>
    </ClCompile>
    <ClCompile Include="..\..\..\Raknet\Source\SuperFastHash.cpp">
      <Filter>RakNet</Filter>
    </ClCompile>
    <ClCompile Include="..\..\..\Raknet\Source\TableSerializer.cpp">
      <Filter>RakNet</Filter>
    </ClCompile>
    <ClCompile Include="..\..\..\Raknet\Source\TCPInterface.cpp">
      <Filter>RakNet</Filter>
    </ClCompile>
    <ClCompile Include="..\..\..\Raknet\Source\TeamBalancer.cpp">
      <Filter>RakNet</Filter>
    </ClCompile>
    <ClCompile Include="..\..\..\Raknet\Source\TeamManager.cpp">
      <Filter>RakNet</Filter>
    </ClCompile>
    <ClCompile Include="..\..\..\Raknet\Source\TelnetTransport.cpp">
      <Filter>RakNet</Filter>
    </ClCompile>
    <ClCompile Include="..\..\..\Raknet\Source\ThreadsafePacketLogger.cpp">
      <Filter>RakNet</Filter>
    </ClCompile>
    <ClCompile Include="..\..\..\Raknet\Source\TwoWayAuthentication.cpp">
      <Filter>RakNet</Filter>
    </ClCompile>
    <ClCompile Include="..\..\..\Raknet\Source\UDPForwarder.cpp">
      <Filter>RakNet</Filter>
    </ClCompile>
    <ClCompile Include="..\..\..\Raknet\Source\UDPProxyClient.cpp">
      <Filter>RakNet</Filter>
    </ClCompile>
    <ClCompile Include="..\..\..\Raknet\Source\UDPProxyCoordinator.cpp">
      <Filter>RakNet</Filter>
    </ClCompile>
    <ClCompile Include="..\..\..\Raknet\Source\UDPProxyServer.cpp">
      <Filter>RakNet</Filter>
    </ClCompile>
    <ClCompile Include="..\..\..\Raknet\Source\VariableDeltaSerializer.cpp">
      <Filter>RakNet</Filter>
    </ClCompile>
    <ClCompile Include="..\..\..\Raknet\Source\VariableListDeltaTracker.cpp">
      <Filter>RakNet</Filter>
    </ClCompile>
    <ClCompile Include="..\..\..\Raknet\Source\VariadicSQLParser.cpp">
      <Filter>RakNet</Filter>
    </ClCompile>
    <ClCompile Include="..\..\..\Raknet\Source\VitaIncludes.cpp">
      <Filter>RakNet</Filter>
    </ClCompile>
    <ClCompile Include="..\..\..\Raknet\Source\WSAStartupSingleton.cpp">
      <Filter>RakNet</Filter>
    </ClCompile>
  </ItemGroup>
  <ItemGroup>
    <Text Include="..\..\..\Raknet\Source\CMakeLists.txt">
      <Filter>RakNet</Filter>
    </Text>
  </ItemGroup>
  <ItemGroup>
    <None Include="..\..\..\Raknet\Source\RakNet.vcproj">
      <Filter>RakNet</Filter>
    </None>
    <None Include="..\..\..\Raknet\Source\RakNet_vc8.vcproj">
      <Filter>RakNet</Filter>
    </None>
    <None Include="..\..\..\Raknet\Source\RakNet_vc9.vcproj">
      <Filter>RakNet</Filter>
    </None>
  </ItemGroup>
</Project>