
Microsoft Visual Studio Solution File, Format Version 12.00
# Visual Studio 14
VisualStudioVersion = 14.0.23107.0
MinimumVisualStudioVersion = 10.0.40219.1
Project("{2150E333-8FDC-42A3-9474-1A3956D46DE8}") = "Engine", "Engine", "{1A9E9315-99FE-481A-8DC2-ED5C834058A4}"
EndProject
Project("{2150E333-8FDC-42A3-9474-1A3956D46DE8}") = "Game", "Game", "{49A24A17-55BC-4B5E-9558-ECB86FC5AE04}"
EndProject
Project("{2150E333-8FDC-42A3-9474-1A3956D46DE8}") = "Tools", "Tools", "{22EE96C6-FB6D-4AB1-B573-16C370285F93}"
EndProject
Project("{8BC9CEB8-8B4A-11D0-8D11-00A0C91BC942}") = "Game", "Code\Game\Game\WindowsProgram.vcxproj", "{433FF686-9527-4C97-8EF4-060152A428B5}"
	ProjectSection(ProjectDependencies) = postProject
		{06F00F02-D352-44A1-B42B-B5C2CEB2567A} = {06F00F02-D352-44A1-B42B-B5C2CEB2567A}
		{ACD2B026-6D36-4AC9-BF5B-1E59CC96FD25} = {ACD2B026-6D36-4AC9-BF5B-1E59CC96FD25}
		{552B2876-037A-4A14-8E5B-D73907DF5322} = {552B2876-037A-4A14-8E5B-D73907DF5322}
		{B6BC0082-C4EF-4B54-9247-6C5FF414FF2A} = {B6BC0082-C4EF-4B54-9247-6C5FF414FF2A}
		{3FA2BD90-8DE6-4829-8005-0898D02D1751} = {3FA2BD90-8DE6-4829-8005-0898D02D1751}
		{136761E4-C684-4AFF-BF27-E946FCF006A1} = {136761E4-C684-4AFF-BF27-E946FCF006A1}
	EndProjectSection
EndProject
Project("{8BC9CEB8-8B4A-11D0-8D11-00A0C91BC942}") = "Graphics", "Code\Engine\Graphics\Graphics.vcxproj", "{3FA2BD90-8DE6-4829-8005-0898D02D1751}"
	ProjectSection(ProjectDependencies) = postProject
		{06F00F02-D352-44A1-B42B-B5C2CEB2567A} = {06F00F02-D352-44A1-B42B-B5C2CEB2567A}
		{B6BC0082-C4EF-4B54-9247-6C5FF414FF2A} = {B6BC0082-C4EF-4B54-9247-6C5FF414FF2A}
		{D76FAEE2-0B67-493B-B494-2C5FB20AA14C} = {D76FAEE2-0B67-493B-B494-2C5FB20AA14C}
		{FEA8DBE7-AF78-4C5C-BDDC-16BACD976374} = {FEA8DBE7-AF78-4C5C-BDDC-16BACD976374}
	EndProjectSection
EndProject
Project("{2150E333-8FDC-42A3-9474-1A3956D46DE8}") = "External", "External", "{293E1E93-7DF6-4D3D-8E87-97FABFE1559F}"
EndProject
Project("{8BC9CEB8-8B4A-11D0-8D11-00A0C91BC942}") = "OpenGlExtensions", "Code\External\OpenGlExtensions\OpenGlExtensions.vcxproj", "{B6BC0082-C4EF-4B54-9247-6C5FF414FF2A}"
	ProjectSection(ProjectDependencies) = postProject
		{D76FAEE2-0B67-493B-B494-2C5FB20AA14C} = {D76FAEE2-0B67-493B-B494-2C5FB20AA14C}
	EndProjectSection
EndProject
Project("{8BC9CEB8-8B4A-11D0-8D11-00A0C91BC942}") = "Windows", "Code\Engine\Windows\Windows.vcxproj", "{D76FAEE2-0B67-493B-B494-2C5FB20AA14C}"
	ProjectSection(ProjectDependencies) = postProject
		{45CDCFF0-7F57-457F-9706-C3C15E7EA597} = {45CDCFF0-7F57-457F-9706-C3C15E7EA597}
	EndProjectSection
EndProject
Project("{8BC9CEB8-8B4A-11D0-8D11-00A0C91BC942}") = "AssetBuilder", "Code\Tools\AssetBuilder\AssetBuilder.vcxproj", "{ABF804FE-993A-43E2-A242-F3090A290B12}"
	ProjectSection(ProjectDependencies) = postProject
		{C9BDAC7C-C59A-4367-A21D-0FEDABB93012} = {C9BDAC7C-C59A-4367-A21D-0FEDABB93012}
		{018C4E8E-7F00-49FE-8E7E-25A68299142E} = {018C4E8E-7F00-49FE-8E7E-25A68299142E}
		{DE18299E-57DD-420A-9219-31BCCE5A5BC0} = {DE18299E-57DD-420A-9219-31BCCE5A5BC0}
		{5F8004A7-75AD-49AC-85C7-96D9B9F19533} = {5F8004A7-75AD-49AC-85C7-96D9B9F19533}
		{D76FAEE2-0B67-493B-B494-2C5FB20AA14C} = {D76FAEE2-0B67-493B-B494-2C5FB20AA14C}
		{601B7FE6-5CB0-44A5-A318-361F426493E5} = {601B7FE6-5CB0-44A5-A318-361F426493E5}
		{45CDCFF0-7F57-457F-9706-C3C15E7EA597} = {45CDCFF0-7F57-457F-9706-C3C15E7EA597}
	EndProjectSection
EndProject
Project("{8BC9CEB8-8B4A-11D0-8D11-00A0C91BC942}") = "Lua", "Code\External\Lua\Lua.vcxproj", "{45CDCFF0-7F57-457F-9706-C3C15E7EA597}"
EndProject
Project("{8BC9CEB8-8B4A-11D0-8D11-00A0C91BC942}") = "LuaC", "Code\External\Lua\LuaC.vcxproj", "{393119AF-5F33-4130-9BE8-8A59EEBED07E}"
	ProjectSection(ProjectDependencies) = postProject
		{45CDCFF0-7F57-457F-9706-C3C15E7EA597} = {45CDCFF0-7F57-457F-9706-C3C15E7EA597}
	EndProjectSection
EndProject
Project("{8BC9CEB8-8B4A-11D0-8D11-00A0C91BC942}") = "LuaExe", "Code\External\Lua\LuaExe.vcxproj", "{9653A255-0309-403F-9193-DE569343011F}"
	ProjectSection(ProjectDependencies) = postProject
		{45CDCFF0-7F57-457F-9706-C3C15E7EA597} = {45CDCFF0-7F57-457F-9706-C3C15E7EA597}
	EndProjectSection
EndProject
Project("{8BC9CEB8-8B4A-11D0-8D11-00A0C91BC942}") = "UserOutput", "Code\Engine\UserOutput\UserOutput.vcxproj", "{FEA8DBE7-AF78-4C5C-BDDC-16BACD976374}"
	ProjectSection(ProjectDependencies) = postProject
		{D76FAEE2-0B67-493B-B494-2C5FB20AA14C} = {D76FAEE2-0B67-493B-B494-2C5FB20AA14C}
	EndProjectSection
EndProject
Project("{8BC9CEB8-8B4A-11D0-8D11-00A0C91BC942}") = "BuilderHelper", "Code\Tools\BuilderHelper\BuilderHelper.vcxproj", "{5F8004A7-75AD-49AC-85C7-96D9B9F19533}"
EndProject
Project("{8BC9CEB8-8B4A-11D0-8D11-00A0C91BC942}") = "MeshBuilder", "Code\Tools\MeshBuilder\MeshBuilder.vcxproj", "{601B7FE6-5CB0-44A5-A318-361F426493E5}"
	ProjectSection(ProjectDependencies) = postProject
		{9653A255-0309-403F-9193-DE569343011F} = {9653A255-0309-403F-9193-DE569343011F}
		{5F8004A7-75AD-49AC-85C7-96D9B9F19533} = {5F8004A7-75AD-49AC-85C7-96D9B9F19533}
		{393119AF-5F33-4130-9BE8-8A59EEBED07E} = {393119AF-5F33-4130-9BE8-8A59EEBED07E}
		{D76FAEE2-0B67-493B-B494-2C5FB20AA14C} = {D76FAEE2-0B67-493B-B494-2C5FB20AA14C}
		{FEA8DBE7-AF78-4C5C-BDDC-16BACD976374} = {FEA8DBE7-AF78-4C5C-BDDC-16BACD976374}
		{45CDCFF0-7F57-457F-9706-C3C15E7EA597} = {45CDCFF0-7F57-457F-9706-C3C15E7EA597}
	EndProjectSection
EndProject
Project("{8BC9CEB8-8B4A-11D0-8D11-00A0C91BC942}") = "GenericBuilder", "Code\Tools\GenericBuilder\GenericBuilder.vcxproj", "{C9BDAC7C-C59A-4367-A21D-0FEDABB93012}"
	ProjectSection(ProjectDependencies) = postProject
		{5F8004A7-75AD-49AC-85C7-96D9B9F19533} = {5F8004A7-75AD-49AC-85C7-96D9B9F19533}
		{D76FAEE2-0B67-493B-B494-2C5FB20AA14C} = {D76FAEE2-0B67-493B-B494-2C5FB20AA14C}
	EndProjectSection
EndProject
Project("{8BC9CEB8-8B4A-11D0-8D11-00A0C91BC942}") = "GameObject", "Code\Engine\GameObject\GameObject.vcxproj", "{ACD2B026-6D36-4AC9-BF5B-1E59CC96FD25}"
	ProjectSection(ProjectDependencies) = postProject
		{3FA2BD90-8DE6-4829-8005-0898D02D1751} = {3FA2BD90-8DE6-4829-8005-0898D02D1751}
	EndProjectSection
EndProject
Project("{8BC9CEB8-8B4A-11D0-8D11-00A0C91BC942}") = "Math", "Code\Engine\Math\Math.vcxproj", "{06F00F02-D352-44A1-B42B-B5C2CEB2567A}"
EndProject
Project("{8BC9CEB8-8B4A-11D0-8D11-00A0C91BC942}") = "Time", "Code\Engine\Time\Time.vcxproj", "{136761E4-C684-4AFF-BF27-E946FCF006A1}"
	ProjectSection(ProjectDependencies) = postProject
		{D76FAEE2-0B67-493B-B494-2C5FB20AA14C} = {D76FAEE2-0B67-493B-B494-2C5FB20AA14C}
	EndProjectSection
EndProject
Project("{8BC9CEB8-8B4A-11D0-8D11-00A0C91BC942}") = "UserInput", "Code\Engine\UserInput\UserInput.vcxproj", "{552B2876-037A-4A14-8E5B-D73907DF5322}"
EndProject
Project("{8BC9CEB8-8B4A-11D0-8D11-00A0C91BC942}") = "EffectBuilder", "Code\Tools\EffectBuilder\EffectBuilder.vcxproj", "{6DE828F5-2810-48A0-B514-41CB83EEBDEA}"
	ProjectSection(ProjectDependencies) = postProject
		{9653A255-0309-403F-9193-DE569343011F} = {9653A255-0309-403F-9193-DE569343011F}
		{5F8004A7-75AD-49AC-85C7-96D9B9F19533} = {5F8004A7-75AD-49AC-85C7-96D9B9F19533}
		{393119AF-5F33-4130-9BE8-8A59EEBED07E} = {393119AF-5F33-4130-9BE8-8A59EEBED07E}
		{D76FAEE2-0B67-493B-B494-2C5FB20AA14C} = {D76FAEE2-0B67-493B-B494-2C5FB20AA14C}
		{FEA8DBE7-AF78-4C5C-BDDC-16BACD976374} = {FEA8DBE7-AF78-4C5C-BDDC-16BACD976374}
		{45CDCFF0-7F57-457F-9706-C3C15E7EA597} = {45CDCFF0-7F57-457F-9706-C3C15E7EA597}
	EndProjectSection
EndProject
Project("{8BC9CEB8-8B4A-11D0-8D11-00A0C91BC942}") = "Mcpp", "Code\External\Mcpp\Mcpp.vcxproj", "{4228BC52-904F-4BA2-B78E-7BCB85068A82}"
EndProject
Project("{8BC9CEB8-8B4A-11D0-8D11-00A0C91BC942}") = "ShaderBuilder", "Code\Tools\ShaderBuilder\ShaderBuilder.vcxproj", "{EC809270-CE46-4204-A0F7-F88A6A4732E9}"
	ProjectSection(ProjectDependencies) = postProject
		{4228BC52-904F-4BA2-B78E-7BCB85068A82} = {4228BC52-904F-4BA2-B78E-7BCB85068A82}
		{5F8004A7-75AD-49AC-85C7-96D9B9F19533} = {5F8004A7-75AD-49AC-85C7-96D9B9F19533}
		{D76FAEE2-0B67-493B-B494-2C5FB20AA14C} = {D76FAEE2-0B67-493B-B494-2C5FB20AA14C}
	EndProjectSection
EndProject
Project("{8BC9CEB8-8B4A-11D0-8D11-00A0C91BC942}") = "MayaMeshExporter", "Code\Tools\MayaMeshExporter\MayaMeshExporter.vcxproj", "{70B81970-5665-4429-B2B2-7F6FCED5AB84}"
EndProject
Project("{8BC9CEB8-8B4A-11D0-8D11-00A0C91BC942}") = "MaterialBuilder", "Code\Tools\MaterialBuilder\MaterialBuilder.vcxproj", "{018C4E8E-7F00-49FE-8E7E-25A68299142E}"
	ProjectSection(ProjectDependencies) = postProject
		{9653A255-0309-403F-9193-DE569343011F} = {9653A255-0309-403F-9193-DE569343011F}
		{5F8004A7-75AD-49AC-85C7-96D9B9F19533} = {5F8004A7-75AD-49AC-85C7-96D9B9F19533}
		{393119AF-5F33-4130-9BE8-8A59EEBED07E} = {393119AF-5F33-4130-9BE8-8A59EEBED07E}
		{D76FAEE2-0B67-493B-B494-2C5FB20AA14C} = {D76FAEE2-0B67-493B-B494-2C5FB20AA14C}
		{FEA8DBE7-AF78-4C5C-BDDC-16BACD976374} = {FEA8DBE7-AF78-4C5C-BDDC-16BACD976374}
		{45CDCFF0-7F57-457F-9706-C3C15E7EA597} = {45CDCFF0-7F57-457F-9706-C3C15E7EA597}
	EndProjectSection
EndProject
Project("{8BC9CEB8-8B4A-11D0-8D11-00A0C91BC942}") = "TextureBuilder", "Code\Tools\TextureBuilder\TextureBuilder.vcxproj", "{DE18299E-57DD-420A-9219-31BCCE5A5BC0}"
	ProjectSection(ProjectDependencies) = postProject
		{9653A255-0309-403F-9193-DE569343011F} = {9653A255-0309-403F-9193-DE569343011F}
		{5F8004A7-75AD-49AC-85C7-96D9B9F19533} = {5F8004A7-75AD-49AC-85C7-96D9B9F19533}
		{393119AF-5F33-4130-9BE8-8A59EEBED07E} = {393119AF-5F33-4130-9BE8-8A59EEBED07E}
		{D76FAEE2-0B67-493B-B494-2C5FB20AA14C} = {D76FAEE2-0B67-493B-B494-2C5FB20AA14C}
		{FEA8DBE7-AF78-4C5C-BDDC-16BACD976374} = {FEA8DBE7-AF78-4C5C-BDDC-16BACD976374}
		{45CDCFF0-7F57-457F-9706-C3C15E7EA597} = {45CDCFF0-7F57-457F-9706-C3C15E7EA597}
	EndProjectSection
EndProject
Project("{8BC9CEB8-8B4A-11D0-8D11-00A0C91BC942}") = "BuildAssets", "Code\Game\BuildAssets\BuildAssets.vcxproj", "{3670C64E-AAA0-4056-BF89-744D0276F609}"
	ProjectSection(ProjectDependencies) = postProject
		{EC809270-CE46-4204-A0F7-F88A6A4732E9} = {EC809270-CE46-4204-A0F7-F88A6A4732E9}
		{018C4E8E-7F00-49FE-8E7E-25A68299142E} = {018C4E8E-7F00-49FE-8E7E-25A68299142E}
		{DE18299E-57DD-420A-9219-31BCCE5A5BC0} = {DE18299E-57DD-420A-9219-31BCCE5A5BC0}
		{D76FAEE2-0B67-493B-B494-2C5FB20AA14C} = {D76FAEE2-0B67-493B-B494-2C5FB20AA14C}
		{601B7FE6-5CB0-44A5-A318-361F426493E5} = {601B7FE6-5CB0-44A5-A318-361F426493E5}
		{6DE828F5-2810-48A0-B514-41CB83EEBDEA} = {6DE828F5-2810-48A0-B514-41CB83EEBDEA}
		{ABF804FE-993A-43E2-A242-F3090A290B12} = {ABF804FE-993A-43E2-A242-F3090A290B12}
	EndProjectSection
EndProject
Project("{2150E333-8FDC-42A3-9474-1A3956D46DE8}") = "Solution Items", "Solution Items", "{CE2B8357-0830-44B1-9351-1219E2D0B7F4}"
	ProjectSection(SolutionItems) = preProject
		Performance1.psess = Performance1.psess
	EndProjectSection
EndProject
Global
	GlobalSection(SolutionConfigurationPlatforms) = preSolution
		Debug|Direct3D_64 = Debug|Direct3D_64
		Debug|NaCl64 = Debug|NaCl64
		Debug|OpenGL_32 = Debug|OpenGL_32
		Release|Direct3D_64 = Release|Direct3D_64
		Release|NaCl64 = Release|NaCl64
		Release|OpenGL_32 = Release|OpenGL_32
	EndGlobalSection
	GlobalSection(ProjectConfigurationPlatforms) = postSolution
		{433FF686-9527-4C97-8EF4-060152A428B5}.Debug|Direct3D_64.ActiveCfg = Debug|x64
		{433FF686-9527-4C97-8EF4-060152A428B5}.Debug|Direct3D_64.Build.0 = Debug|x64
		{433FF686-9527-4C97-8EF4-060152A428B5}.Debug|NaCl64.ActiveCfg = Debug|Win32
		{433FF686-9527-4C97-8EF4-060152A428B5}.Debug|OpenGL_32.ActiveCfg = Debug|Win32
		{433FF686-9527-4C97-8EF4-060152A428B5}.Debug|OpenGL_32.Build.0 = Debug|Win32
		{433FF686-9527-4C97-8EF4-060152A428B5}.Release|Direct3D_64.ActiveCfg = Release|x64
		{433FF686-9527-4C97-8EF4-060152A428B5}.Release|Direct3D_64.Build.0 = Release|x64
		{433FF686-9527-4C97-8EF4-060152A428B5}.Release|NaCl64.ActiveCfg = Release|Win32
		{433FF686-9527-4C97-8EF4-060152A428B5}.Release|OpenGL_32.ActiveCfg = Release|Win32
		{433FF686-9527-4C97-8EF4-060152A428B5}.Release|OpenGL_32.Build.0 = Release|Win32
		{3FA2BD90-8DE6-4829-8005-0898D02D1751}.Debug|Direct3D_64.ActiveCfg = Debug|x64
		{3FA2BD90-8DE6-4829-8005-0898D02D1751}.Debug|Direct3D_64.Build.0 = Debug|x64
		{3FA2BD90-8DE6-4829-8005-0898D02D1751}.Debug|NaCl64.ActiveCfg = Debug|Win32
		{3FA2BD90-8DE6-4829-8005-0898D02D1751}.Debug|OpenGL_32.ActiveCfg = Debug|Win32
		{3FA2BD90-8DE6-4829-8005-0898D02D1751}.Debug|OpenGL_32.Build.0 = Debug|Win32
		{3FA2BD90-8DE6-4829-8005-0898D02D1751}.Release|Direct3D_64.ActiveCfg = Release|x64
		{3FA2BD90-8DE6-4829-8005-0898D02D1751}.Release|Direct3D_64.Build.0 = Release|x64
		{3FA2BD90-8DE6-4829-8005-0898D02D1751}.Release|NaCl64.ActiveCfg = Release|Win32
		{3FA2BD90-8DE6-4829-8005-0898D02D1751}.Release|OpenGL_32.ActiveCfg = Release|Win32
		{3FA2BD90-8DE6-4829-8005-0898D02D1751}.Release|OpenGL_32.Build.0 = Release|Win32
		{B6BC0082-C4EF-4B54-9247-6C5FF414FF2A}.Debug|Direct3D_64.ActiveCfg = Debug|x64
		{B6BC0082-C4EF-4B54-9247-6C5FF414FF2A}.Debug|NaCl64.ActiveCfg = Debug|Win32
		{B6BC0082-C4EF-4B54-9247-6C5FF414FF2A}.Debug|OpenGL_32.ActiveCfg = Debug|Win32
		{B6BC0082-C4EF-4B54-9247-6C5FF414FF2A}.Debug|OpenGL_32.Build.0 = Debug|Win32
		{B6BC0082-C4EF-4B54-9247-6C5FF414FF2A}.Release|Direct3D_64.ActiveCfg = Release|x64
		{B6BC0082-C4EF-4B54-9247-6C5FF414FF2A}.Release|NaCl64.ActiveCfg = Release|Win32
		{B6BC0082-C4EF-4B54-9247-6C5FF414FF2A}.Release|OpenGL_32.ActiveCfg = Release|Win32
		{B6BC0082-C4EF-4B54-9247-6C5FF414FF2A}.Release|OpenGL_32.Build.0 = Release|Win32
		{D76FAEE2-0B67-493B-B494-2C5FB20AA14C}.Debug|Direct3D_64.ActiveCfg = Debug|x64
		{D76FAEE2-0B67-493B-B494-2C5FB20AA14C}.Debug|Direct3D_64.Build.0 = Debug|x64
		{D76FAEE2-0B67-493B-B494-2C5FB20AA14C}.Debug|NaCl64.ActiveCfg = Debug|Win32
		{D76FAEE2-0B67-493B-B494-2C5FB20AA14C}.Debug|OpenGL_32.ActiveCfg = Debug|Win32
		{D76FAEE2-0B67-493B-B494-2C5FB20AA14C}.Debug|OpenGL_32.Build.0 = Debug|Win32
		{D76FAEE2-0B67-493B-B494-2C5FB20AA14C}.Release|Direct3D_64.ActiveCfg = Release|x64
		{D76FAEE2-0B67-493B-B494-2C5FB20AA14C}.Release|Direct3D_64.Build.0 = Release|x64
		{D76FAEE2-0B67-493B-B494-2C5FB20AA14C}.Release|NaCl64.ActiveCfg = Release|Win32
		{D76FAEE2-0B67-493B-B494-2C5FB20AA14C}.Release|OpenGL_32.ActiveCfg = Release|Win32
		{D76FAEE2-0B67-493B-B494-2C5FB20AA14C}.Release|OpenGL_32.Build.0 = Release|Win32
		{ABF804FE-993A-43E2-A242-F3090A290B12}.Debug|Direct3D_64.ActiveCfg = Debug|x64
		{ABF804FE-993A-43E2-A242-F3090A290B12}.Debug|Direct3D_64.Build.0 = Debug|x64
		{ABF804FE-993A-43E2-A242-F3090A290B12}.Debug|NaCl64.ActiveCfg = Debug|Win32
		{ABF804FE-993A-43E2-A242-F3090A290B12}.Debug|OpenGL_32.ActiveCfg = Debug|Win32
		{ABF804FE-993A-43E2-A242-F3090A290B12}.Debug|OpenGL_32.Build.0 = Debug|Win32
		{ABF804FE-993A-43E2-A242-F3090A290B12}.Release|Direct3D_64.ActiveCfg = Release|x64
		{ABF804FE-993A-43E2-A242-F3090A290B12}.Release|Direct3D_64.Build.0 = Release|x64
		{ABF804FE-993A-43E2-A242-F3090A290B12}.Release|NaCl64.ActiveCfg = Release|Win32
		{ABF804FE-993A-43E2-A242-F3090A290B12}.Release|OpenGL_32.ActiveCfg = Release|Win32
		{ABF804FE-993A-43E2-A242-F3090A290B12}.Release|OpenGL_32.Build.0 = Release|Win32
		{45CDCFF0-7F57-457F-9706-C3C15E7EA597}.Debug|Direct3D_64.ActiveCfg = Debug|x64
		{45CDCFF0-7F57-457F-9706-C3C15E7EA597}.Debug|Direct3D_64.Build.0 = Debug|x64
		{45CDCFF0-7F57-457F-9706-C3C15E7EA597}.Debug|NaCl64.ActiveCfg = Debug|Win32
		{45CDCFF0-7F57-457F-9706-C3C15E7EA597}.Debug|OpenGL_32.ActiveCfg = Debug|Win32
		{45CDCFF0-7F57-457F-9706-C3C15E7EA597}.Debug|OpenGL_32.Build.0 = Debug|Win32
		{45CDCFF0-7F57-457F-9706-C3C15E7EA597}.Release|Direct3D_64.ActiveCfg = Release|x64
		{45CDCFF0-7F57-457F-9706-C3C15E7EA597}.Release|Direct3D_64.Build.0 = Release|x64
		{45CDCFF0-7F57-457F-9706-C3C15E7EA597}.Release|NaCl64.ActiveCfg = Release|Win32
		{45CDCFF0-7F57-457F-9706-C3C15E7EA597}.Release|OpenGL_32.ActiveCfg = Release|Win32
		{45CDCFF0-7F57-457F-9706-C3C15E7EA597}.Release|OpenGL_32.Build.0 = Release|Win32
		{393119AF-5F33-4130-9BE8-8A59EEBED07E}.Debug|Direct3D_64.ActiveCfg = Debug|x64
		{393119AF-5F33-4130-9BE8-8A59EEBED07E}.Debug|Direct3D_64.Build.0 = Debug|x64
		{393119AF-5F33-4130-9BE8-8A59EEBED07E}.Debug|NaCl64.ActiveCfg = Debug|Win32
		{393119AF-5F33-4130-9BE8-8A59EEBED07E}.Debug|OpenGL_32.ActiveCfg = Debug|Win32
		{393119AF-5F33-4130-9BE8-8A59EEBED07E}.Debug|OpenGL_32.Build.0 = Debug|Win32
		{393119AF-5F33-4130-9BE8-8A59EEBED07E}.Release|Direct3D_64.ActiveCfg = Release|x64
		{393119AF-5F33-4130-9BE8-8A59EEBED07E}.Release|Direct3D_64.Build.0 = Release|x64
		{393119AF-5F33-4130-9BE8-8A59EEBED07E}.Release|NaCl64.ActiveCfg = Release|Win32
		{393119AF-5F33-4130-9BE8-8A59EEBED07E}.Release|OpenGL_32.ActiveCfg = Release|Win32
		{393119AF-5F33-4130-9BE8-8A59EEBED07E}.Release|OpenGL_32.Build.0 = Release|Win32
		{9653A255-0309-403F-9193-DE569343011F}.Debug|Direct3D_64.ActiveCfg = Debug|x64
		{9653A255-0309-403F-9193-DE569343011F}.Debug|Direct3D_64.Build.0 = Debug|x64
		{9653A255-0309-403F-9193-DE569343011F}.Debug|NaCl64.ActiveCfg = Debug|Win32
		{9653A255-0309-403F-9193-DE569343011F}.Debug|OpenGL_32.ActiveCfg = Debug|Win32
		{9653A255-0309-403F-9193-DE569343011F}.Debug|OpenGL_32.Build.0 = Debug|Win32
		{9653A255-0309-403F-9193-DE569343011F}.Release|Direct3D_64.ActiveCfg = Release|x64
		{9653A255-0309-403F-9193-DE569343011F}.Release|Direct3D_64.Build.0 = Release|x64
		{9653A255-0309-403F-9193-DE569343011F}.Release|NaCl64.ActiveCfg = Release|Win32
		{9653A255-0309-403F-9193-DE569343011F}.Release|OpenGL_32.ActiveCfg = Release|Win32
		{9653A255-0309-403F-9193-DE569343011F}.Release|OpenGL_32.Build.0 = Release|Win32
		{FEA8DBE7-AF78-4C5C-BDDC-16BACD976374}.Debug|Direct3D_64.ActiveCfg = Debug|x64
		{FEA8DBE7-AF78-4C5C-BDDC-16BACD976374}.Debug|Direct3D_64.Build.0 = Debug|x64
		{FEA8DBE7-AF78-4C5C-BDDC-16BACD976374}.Debug|NaCl64.ActiveCfg = Debug|Win32
		{FEA8DBE7-AF78-4C5C-BDDC-16BACD976374}.Debug|OpenGL_32.ActiveCfg = Debug|Win32
		{FEA8DBE7-AF78-4C5C-BDDC-16BACD976374}.Debug|OpenGL_32.Build.0 = Debug|Win32
		{FEA8DBE7-AF78-4C5C-BDDC-16BACD976374}.Release|Direct3D_64.ActiveCfg = Release|x64
		{FEA8DBE7-AF78-4C5C-BDDC-16BACD976374}.Release|Direct3D_64.Build.0 = Release|x64
		{FEA8DBE7-AF78-4C5C-BDDC-16BACD976374}.Release|NaCl64.ActiveCfg = Release|Win32
		{FEA8DBE7-AF78-4C5C-BDDC-16BACD976374}.Release|OpenGL_32.ActiveCfg = Release|Win32
		{FEA8DBE7-AF78-4C5C-BDDC-16BACD976374}.Release|OpenGL_32.Build.0 = Release|Win32
		{5F8004A7-75AD-49AC-85C7-96D9B9F19533}.Debug|Direct3D_64.ActiveCfg = Debug|x64
		{5F8004A7-75AD-49AC-85C7-96D9B9F19533}.Debug|Direct3D_64.Build.0 = Debug|x64
		{5F8004A7-75AD-49AC-85C7-96D9B9F19533}.Debug|NaCl64.ActiveCfg = Debug|Win32
		{5F8004A7-75AD-49AC-85C7-96D9B9F19533}.Debug|OpenGL_32.ActiveCfg = Debug|Win32
		{5F8004A7-75AD-49AC-85C7-96D9B9F19533}.Debug|OpenGL_32.Build.0 = Debug|Win32
		{5F8004A7-75AD-49AC-85C7-96D9B9F19533}.Release|Direct3D_64.ActiveCfg = Release|x64
		{5F8004A7-75AD-49AC-85C7-96D9B9F19533}.Release|Direct3D_64.Build.0 = Release|x64
		{5F8004A7-75AD-49AC-85C7-96D9B9F19533}.Release|NaCl64.ActiveCfg = Release|Win32
		{5F8004A7-75AD-49AC-85C7-96D9B9F19533}.Release|OpenGL_32.ActiveCfg = Release|Win32
		{5F8004A7-75AD-49AC-85C7-96D9B9F19533}.Release|OpenGL_32.Build.0 = Release|Win32
		{601B7FE6-5CB0-44A5-A318-361F426493E5}.Debug|Direct3D_64.ActiveCfg = Debug|x64
		{601B7FE6-5CB0-44A5-A318-361F426493E5}.Debug|Direct3D_64.Build.0 = Debug|x64
		{601B7FE6-5CB0-44A5-A318-361F426493E5}.Debug|NaCl64.ActiveCfg = Debug|Win32
		{601B7FE6-5CB0-44A5-A318-361F426493E5}.Debug|OpenGL_32.ActiveCfg = Debug|Win32
		{601B7FE6-5CB0-44A5-A318-361F426493E5}.Debug|OpenGL_32.Build.0 = Debug|Win32
		{601B7FE6-5CB0-44A5-A318-361F426493E5}.Release|Direct3D_64.ActiveCfg = Release|x64
		{601B7FE6-5CB0-44A5-A318-361F426493E5}.Release|Direct3D_64.Build.0 = Release|x64
		{601B7FE6-5CB0-44A5-A318-361F426493E5}.Release|NaCl64.ActiveCfg = Release|Win32
		{601B7FE6-5CB0-44A5-A318-361F426493E5}.Release|OpenGL_32.ActiveCfg = Release|Win32
		{601B7FE6-5CB0-44A5-A318-361F426493E5}.Release|OpenGL_32.Build.0 = Release|Win32
		{C9BDAC7C-C59A-4367-A21D-0FEDABB93012}.Debug|Direct3D_64.ActiveCfg = Debug|x64
		{C9BDAC7C-C59A-4367-A21D-0FEDABB93012}.Debug|Direct3D_64.Build.0 = Debug|x64
		{C9BDAC7C-C59A-4367-A21D-0FEDABB93012}.Debug|NaCl64.ActiveCfg = Debug|Win32
		{C9BDAC7C-C59A-4367-A21D-0FEDABB93012}.Debug|OpenGL_32.ActiveCfg = Debug|Win32
		{C9BDAC7C-C59A-4367-A21D-0FEDABB93012}.Debug|OpenGL_32.Build.0 = Debug|Win32
		{C9BDAC7C-C59A-4367-A21D-0FEDABB93012}.Release|Direct3D_64.ActiveCfg = Release|x64
		{C9BDAC7C-C59A-4367-A21D-0FEDABB93012}.Release|Direct3D_64.Build.0 = Release|x64
		{C9BDAC7C-C59A-4367-A21D-0FEDABB93012}.Release|NaCl64.ActiveCfg = Release|Win32
		{C9BDAC7C-C59A-4367-A21D-0FEDABB93012}.Release|OpenGL_32.ActiveCfg = Release|Win32
		{C9BDAC7C-C59A-4367-A21D-0FEDABB93012}.Release|OpenGL_32.Build.0 = Release|Win32
		{ACD2B026-6D36-4AC9-BF5B-1E59CC96FD25}.Debug|Direct3D_64.ActiveCfg = Debug|x64
		{ACD2B026-6D36-4AC9-BF5B-1E59CC96FD25}.Debug|Direct3D_64.Build.0 = Debug|x64
		{ACD2B026-6D36-4AC9-BF5B-1E59CC96FD25}.Debug|NaCl64.ActiveCfg = Debug|Win32
		{ACD2B026-6D36-4AC9-BF5B-1E59CC96FD25}.Debug|OpenGL_32.ActiveCfg = Debug|Win32
		{ACD2B026-6D36-4AC9-BF5B-1E59CC96FD25}.Debug|OpenGL_32.Build.0 = Debug|Win32
		{ACD2B026-6D36-4AC9-BF5B-1E59CC96FD25}.Release|Direct3D_64.ActiveCfg = Release|x64
		{ACD2B026-6D36-4AC9-BF5B-1E59CC96FD25}.Release|Direct3D_64.Build.0 = Release|x64
		{ACD2B026-6D36-4AC9-BF5B-1E59CC96FD25}.Release|NaCl64.ActiveCfg = Release|Win32
		{ACD2B026-6D36-4AC9-BF5B-1E59CC96FD25}.Release|OpenGL_32.ActiveCfg = Release|Win32
		{ACD2B026-6D36-4AC9-BF5B-1E59CC96FD25}.Release|OpenGL_32.Build.0 = Release|Win32
		{06F00F02-D352-44A1-B42B-B5C2CEB2567A}.Debug|Direct3D_64.ActiveCfg = Debug|x64
		{06F00F02-D352-44A1-B42B-B5C2CEB2567A}.Debug|Direct3D_64.Build.0 = Debug|x64
		{06F00F02-D352-44A1-B42B-B5C2CEB2567A}.Debug|NaCl64.ActiveCfg = Debug|Win32
		{06F00F02-D352-44A1-B42B-B5C2CEB2567A}.Debug|OpenGL_32.ActiveCfg = Debug|Win32
		{06F00F02-D352-44A1-B42B-B5C2CEB2567A}.Debug|OpenGL_32.Build.0 = Debug|Win32
		{06F00F02-D352-44A1-B42B-B5C2CEB2567A}.Release|Direct3D_64.ActiveCfg = Release|x64
		{06F00F02-D352-44A1-B42B-B5C2CEB2567A}.Release|Direct3D_64.Build.0 = Release|x64
		{06F00F02-D352-44A1-B42B-B5C2CEB2567A}.Release|NaCl64.ActiveCfg = Release|Win32
		{06F00F02-D352-44A1-B42B-B5C2CEB2567A}.Release|OpenGL_32.ActiveCfg = Release|Win32
		{06F00F02-D352-44A1-B42B-B5C2CEB2567A}.Release|OpenGL_32.Build.0 = Release|Win32
		{136761E4-C684-4AFF-BF27-E946FCF006A1}.Debug|Direct3D_64.ActiveCfg = Debug|x64
		{136761E4-C684-4AFF-BF27-E946FCF006A1}.Debug|Direct3D_64.Build.0 = Debug|x64
		{136761E4-C684-4AFF-BF27-E946FCF006A1}.Debug|NaCl64.ActiveCfg = Debug|Win32
		{136761E4-C684-4AFF-BF27-E946FCF006A1}.Debug|OpenGL_32.ActiveCfg = Debug|Win32
		{136761E4-C684-4AFF-BF27-E946FCF006A1}.Debug|OpenGL_32.Build.0 = Debug|Win32
		{136761E4-C684-4AFF-BF27-E946FCF006A1}.Release|Direct3D_64.ActiveCfg = Release|x64
		{136761E4-C684-4AFF-BF27-E946FCF006A1}.Release|Direct3D_64.Build.0 = Release|x64
		{136761E4-C684-4AFF-BF27-E946FCF006A1}.Release|NaCl64.ActiveCfg = Release|Win32
		{136761E4-C684-4AFF-BF27-E946FCF006A1}.Release|OpenGL_32.ActiveCfg = Release|Win32
		{136761E4-C684-4AFF-BF27-E946FCF006A1}.Release|OpenGL_32.Build.0 = Release|Win32
		{552B2876-037A-4A14-8E5B-D73907DF5322}.Debug|Direct3D_64.ActiveCfg = Debug|x64
		{552B2876-037A-4A14-8E5B-D73907DF5322}.Debug|Direct3D_64.Build.0 = Debug|x64
		{552B2876-037A-4A14-8E5B-D73907DF5322}.Debug|NaCl64.ActiveCfg = Debug|Win32
		{552B2876-037A-4A14-8E5B-D73907DF5322}.Debug|OpenGL_32.ActiveCfg = Debug|Win32
		{552B2876-037A-4A14-8E5B-D73907DF5322}.Debug|OpenGL_32.Build.0 = Debug|Win32
		{552B2876-037A-4A14-8E5B-D73907DF5322}.Release|Direct3D_64.ActiveCfg = Release|x64
		{552B2876-037A-4A14-8E5B-D73907DF5322}.Release|Direct3D_64.Build.0 = Release|x64
		{552B2876-037A-4A14-8E5B-D73907DF5322}.Release|NaCl64.ActiveCfg = Release|Win32
		{552B2876-037A-4A14-8E5B-D73907DF5322}.Release|OpenGL_32.ActiveCfg = Release|Win32
		{552B2876-037A-4A14-8E5B-D73907DF5322}.Release|OpenGL_32.Build.0 = Release|Win32
		{6DE828F5-2810-48A0-B514-41CB83EEBDEA}.Debug|Direct3D_64.ActiveCfg = Debug|x64
		{6DE828F5-2810-48A0-B514-41CB83EEBDEA}.Debug|Direct3D_64.Build.0 = Debug|x64
		{6DE828F5-2810-48A0-B514-41CB83EEBDEA}.Debug|NaCl64.ActiveCfg = Debug|Win32
		{6DE828F5-2810-48A0-B514-41CB83EEBDEA}.Debug|OpenGL_32.ActiveCfg = Debug|Win32
		{6DE828F5-2810-48A0-B514-41CB83EEBDEA}.Debug|OpenGL_32.Build.0 = Debug|Win32
		{6DE828F5-2810-48A0-B514-41CB83EEBDEA}.Release|Direct3D_64.ActiveCfg = Release|x64
		{6DE828F5-2810-48A0-B514-41CB83EEBDEA}.Release|Direct3D_64.Build.0 = Release|x64
		{6DE828F5-2810-48A0-B514-41CB83EEBDEA}.Release|NaCl64.ActiveCfg = Release|Win32
		{6DE828F5-2810-48A0-B514-41CB83EEBDEA}.Release|OpenGL_32.ActiveCfg = Release|Win32
		{6DE828F5-2810-48A0-B514-41CB83EEBDEA}.Release|OpenGL_32.Build.0 = Release|Win32
		{4228BC52-904F-4BA2-B78E-7BCB85068A82}.Debug|Direct3D_64.ActiveCfg = Debug|x64
		{4228BC52-904F-4BA2-B78E-7BCB85068A82}.Debug|NaCl64.ActiveCfg = Debug|Win32
		{4228BC52-904F-4BA2-B78E-7BCB85068A82}.Debug|OpenGL_32.ActiveCfg = Debug|Win32
		{4228BC52-904F-4BA2-B78E-7BCB85068A82}.Debug|OpenGL_32.Build.0 = Debug|Win32
		{4228BC52-904F-4BA2-B78E-7BCB85068A82}.Release|Direct3D_64.ActiveCfg = Release|x64
		{4228BC52-904F-4BA2-B78E-7BCB85068A82}.Release|NaCl64.ActiveCfg = Release|Win32
		{4228BC52-904F-4BA2-B78E-7BCB85068A82}.Release|OpenGL_32.ActiveCfg = Release|Win32
		{4228BC52-904F-4BA2-B78E-7BCB85068A82}.Release|OpenGL_32.Build.0 = Release|Win32
		{EC809270-CE46-4204-A0F7-F88A6A4732E9}.Debug|Direct3D_64.ActiveCfg = Debug|x64
		{EC809270-CE46-4204-A0F7-F88A6A4732E9}.Debug|Direct3D_64.Build.0 = Debug|x64
		{EC809270-CE46-4204-A0F7-F88A6A4732E9}.Debug|NaCl64.ActiveCfg = Debug|Win32
		{EC809270-CE46-4204-A0F7-F88A6A4732E9}.Debug|OpenGL_32.ActiveCfg = Debug|Win32
		{EC809270-CE46-4204-A0F7-F88A6A4732E9}.Debug|OpenGL_32.Build.0 = Debug|Win32
		{EC809270-CE46-4204-A0F7-F88A6A4732E9}.Release|Direct3D_64.ActiveCfg = Release|x64
		{EC809270-CE46-4204-A0F7-F88A6A4732E9}.Release|Direct3D_64.Build.0 = Release|x64
		{EC809270-CE46-4204-A0F7-F88A6A4732E9}.Release|NaCl64.ActiveCfg = Release|Win32
		{EC809270-CE46-4204-A0F7-F88A6A4732E9}.Release|OpenGL_32.ActiveCfg = Release|Win32
		{EC809270-CE46-4204-A0F7-F88A6A4732E9}.Release|OpenGL_32.Build.0 = Release|Win32
		{70B81970-5665-4429-B2B2-7F6FCED5AB84}.Debug|Direct3D_64.ActiveCfg = Debug|x64
		{70B81970-5665-4429-B2B2-7F6FCED5AB84}.Debug|Direct3D_64.Build.0 = Debug|x64
		{70B81970-5665-4429-B2B2-7F6FCED5AB84}.Debug|NaCl64.ActiveCfg = Debug|Win32
		{70B81970-5665-4429-B2B2-7F6FCED5AB84}.Debug|OpenGL_32.ActiveCfg = Debug|x64
		{70B81970-5665-4429-B2B2-7F6FCED5AB84}.Debug|OpenGL_32.Build.0 = Debug|x64
		{70B81970-5665-4429-B2B2-7F6FCED5AB84}.Release|Direct3D_64.ActiveCfg = Release|Win32
		{70B81970-5665-4429-B2B2-7F6FCED5AB84}.Release|Direct3D_64.Build.0 = Release|Win32
		{70B81970-5665-4429-B2B2-7F6FCED5AB84}.Release|NaCl64.ActiveCfg = Release|Win32
		{70B81970-5665-4429-B2B2-7F6FCED5AB84}.Release|OpenGL_32.ActiveCfg = Release|x64
		{70B81970-5665-4429-B2B2-7F6FCED5AB84}.Release|OpenGL_32.Build.0 = Release|x64
		{018C4E8E-7F00-49FE-8E7E-25A68299142E}.Debug|Direct3D_64.ActiveCfg = Debug|x64
		{018C4E8E-7F00-49FE-8E7E-25A68299142E}.Debug|Direct3D_64.Build.0 = Debug|x64
		{018C4E8E-7F00-49FE-8E7E-25A68299142E}.Debug|NaCl64.ActiveCfg = Debug|Win32
		{018C4E8E-7F00-49FE-8E7E-25A68299142E}.Debug|OpenGL_32.ActiveCfg = Debug|Win32
		{018C4E8E-7F00-49FE-8E7E-25A68299142E}.Debug|OpenGL_32.Build.0 = Debug|Win32
		{018C4E8E-7F00-49FE-8E7E-25A68299142E}.Release|Direct3D_64.ActiveCfg = Release|x64
		{018C4E8E-7F00-49FE-8E7E-25A68299142E}.Release|Direct3D_64.Build.0 = Release|x64
		{018C4E8E-7F00-49FE-8E7E-25A68299142E}.Release|NaCl64.ActiveCfg = Release|Win32
		{018C4E8E-7F00-49FE-8E7E-25A68299142E}.Release|OpenGL_32.ActiveCfg = Release|Win32
		{018C4E8E-7F00-49FE-8E7E-25A68299142E}.Release|OpenGL_32.Build.0 = Release|Win32
		{DE18299E-57DD-420A-9219-31BCCE5A5BC0}.Debug|Direct3D_64.ActiveCfg = Debug|x64
		{DE18299E-57DD-420A-9219-31BCCE5A5BC0}.Debug|Direct3D_64.Build.0 = Debug|x64
		{DE18299E-57DD-420A-9219-31BCCE5A5BC0}.Debug|NaCl64.ActiveCfg = Debug|Win32
		{DE18299E-57DD-420A-9219-31BCCE5A5BC0}.Debug|OpenGL_32.ActiveCfg = Debug|Win32
		{DE18299E-57DD-420A-9219-31BCCE5A5BC0}.Debug|OpenGL_32.Build.0 = Debug|Win32
		{DE18299E-57DD-420A-9219-31BCCE5A5BC0}.Release|Direct3D_64.ActiveCfg = Release|x64
		{DE18299E-57DD-420A-9219-31BCCE5A5BC0}.Release|Direct3D_64.Build.0 = Release|x64
		{DE18299E-57DD-420A-9219-31BCCE5A5BC0}.Release|NaCl64.ActiveCfg = Release|Win32
		{DE18299E-57DD-420A-9219-31BCCE5A5BC0}.Release|OpenGL_32.ActiveCfg = Release|Win32
		{DE18299E-57DD-420A-9219-31BCCE5A5BC0}.Release|OpenGL_32.Build.0 = Release|Win32
		{3670C64E-AAA0-4056-BF89-744D0276F609}.Debug|Direct3D_64.ActiveCfg = Debug|x64
		{3670C64E-AAA0-4056-BF89-744D0276F609}.Debug|NaCl64.ActiveCfg = Debug|Win32
		{3670C64E-AAA0-4056-BF89-744D0276F609}.Debug|OpenGL_32.ActiveCfg = Debug|Win32
		{3670C64E-AAA0-4056-BF89-744D0276F609}.Release|Direct3D_64.ActiveCfg = Release|x64
		{3670C64E-AAA0-4056-BF89-744D0276F609}.Release|NaCl64.ActiveCfg = Release|Win32
		{3670C64E-AAA0-4056-BF89-744D0276F609}.Release|OpenGL_32.ActiveCfg = Release|Win32
	EndGlobalSection
	GlobalSection(SolutionProperties) = preSolution
		HideSolutionNode = FALSE
	EndGlobalSection
	GlobalSection(NestedProjects) = preSolution
		{433FF686-9527-4C97-8EF4-060152A428B5} = {49A24A17-55BC-4B5E-9558-ECB86FC5AE04}
		{3FA2BD90-8DE6-4829-8005-0898D02D1751} = {1A9E9315-99FE-481A-8DC2-ED5C834058A4}
		{B6BC0082-C4EF-4B54-9247-6C5FF414FF2A} = {293E1E93-7DF6-4D3D-8E87-97FABFE1559F}
		{D76FAEE2-0B67-493B-B494-2C5FB20AA14C} = {1A9E9315-99FE-481A-8DC2-ED5C834058A4}
		{ABF804FE-993A-43E2-A242-F3090A290B12} = {22EE96C6-FB6D-4AB1-B573-16C370285F93}
		{45CDCFF0-7F57-457F-9706-C3C15E7EA597} = {293E1E93-7DF6-4D3D-8E87-97FABFE1559F}
		{393119AF-5F33-4130-9BE8-8A59EEBED07E} = {293E1E93-7DF6-4D3D-8E87-97FABFE1559F}
		{9653A255-0309-403F-9193-DE569343011F} = {293E1E93-7DF6-4D3D-8E87-97FABFE1559F}
		{FEA8DBE7-AF78-4C5C-BDDC-16BACD976374} = {1A9E9315-99FE-481A-8DC2-ED5C834058A4}
		{5F8004A7-75AD-49AC-85C7-96D9B9F19533} = {22EE96C6-FB6D-4AB1-B573-16C370285F93}
		{601B7FE6-5CB0-44A5-A318-361F426493E5} = {22EE96C6-FB6D-4AB1-B573-16C370285F93}
		{C9BDAC7C-C59A-4367-A21D-0FEDABB93012} = {22EE96C6-FB6D-4AB1-B573-16C370285F93}
		{ACD2B026-6D36-4AC9-BF5B-1E59CC96FD25} = {1A9E9315-99FE-481A-8DC2-ED5C834058A4}
		{06F00F02-D352-44A1-B42B-B5C2CEB2567A} = {1A9E9315-99FE-481A-8DC2-ED5C834058A4}
		{136761E4-C684-4AFF-BF27-E946FCF006A1} = {1A9E9315-99FE-481A-8DC2-ED5C834058A4}
		{552B2876-037A-4A14-8E5B-D73907DF5322} = {1A9E9315-99FE-481A-8DC2-ED5C834058A4}
		{6DE828F5-2810-48A0-B514-41CB83EEBDEA} = {22EE96C6-FB6D-4AB1-B573-16C370285F93}
		{4228BC52-904F-4BA2-B78E-7BCB85068A82} = {293E1E93-7DF6-4D3D-8E87-97FABFE1559F}
		{EC809270-CE46-4204-A0F7-F88A6A4732E9} = {22EE96C6-FB6D-4AB1-B573-16C370285F93}
		{70B81970-5665-4429-B2B2-7F6FCED5AB84} = {22EE96C6-FB6D-4AB1-B573-16C370285F93}
		{018C4E8E-7F00-49FE-8E7E-25A68299142E} = {22EE96C6-FB6D-4AB1-B573-16C370285F93}
		{DE18299E-57DD-420A-9219-31BCCE5A5BC0} = {22EE96C6-FB6D-4AB1-B573-16C370285F93}
		{3670C64E-AAA0-4056-BF89-744D0276F609} = {49A24A17-55BC-4B5E-9558-ECB86FC5AE04}
	EndGlobalSection
EndGlobal
